// !$*UTF8*$!
{
	archiveVersion = 1;
	classes = {
	};
	objectVersion = 50;
	objects = {

/* Begin PBXBuildFile section */
		D63CA03129DF29FE00104331 /* AppDelegate.swift in Sources */ = {isa = PBXBuildFile; fileRef = D63CA03029DF29FE00104331 /* AppDelegate.swift */; };
		D63CA03329DF29FE00104331 /* SceneDelegate.swift in Sources */ = {isa = PBXBuildFile; fileRef = D63CA03229DF29FE00104331 /* SceneDelegate.swift */; };
		D63CA03A29DF29FF00104331 /* Assets.xcassets in Resources */ = {isa = PBXBuildFile; fileRef = D63CA03929DF29FF00104331 /* Assets.xcassets */; };
		D63CA03D29DF29FF00104331 /* LaunchScreen.storyboard in Resources */ = {isa = PBXBuildFile; fileRef = D63CA03B29DF29FF00104331 /* LaunchScreen.storyboard */; };
		D63CA04F29DF33FB00104331 /* Model.swift in Sources */ = {isa = PBXBuildFile; fileRef = D63CA04E29DF33FB00104331 /* Model.swift */; };
		D63CA05229DF42F100104331 /* TableViewCell.swift in Sources */ = {isa = PBXBuildFile; fileRef = D63CA05129DF42F100104331 /* TableViewCell.swift */; };
		D63CA05829E72D6700104331 /* ViewController.swift in Sources */ = {isa = PBXBuildFile; fileRef = D63CA03429DF29FE00104331 /* ViewController.swift */; };
/* End PBXBuildFile section */

/* Begin PBXFileReference section */
		D63CA02D29DF29FE00104331 /* Settings.app */ = {isa = PBXFileReference; explicitFileType = wrapper.application; includeInIndex = 0; path = Settings.app; sourceTree = BUILT_PRODUCTS_DIR; };
		D63CA03029DF29FE00104331 /* AppDelegate.swift */ = {isa = PBXFileReference; lastKnownFileType = sourcecode.swift; path = AppDelegate.swift; sourceTree = "<group>"; };
		D63CA03229DF29FE00104331 /* SceneDelegate.swift */ = {isa = PBXFileReference; lastKnownFileType = sourcecode.swift; path = SceneDelegate.swift; sourceTree = "<group>"; };
		D63CA03429DF29FE00104331 /* ViewController.swift */ = {isa = PBXFileReference; lastKnownFileType = sourcecode.swift; path = ViewController.swift; sourceTree = "<group>"; };
		D63CA03929DF29FF00104331 /* Assets.xcassets */ = {isa = PBXFileReference; lastKnownFileType = folder.assetcatalog; path = Assets.xcassets; sourceTree = "<group>"; };
		D63CA03C29DF29FF00104331 /* Base */ = {isa = PBXFileReference; lastKnownFileType = file.storyboard; name = Base; path = Base.lproj/LaunchScreen.storyboard; sourceTree = "<group>"; };
		D63CA03E29DF29FF00104331 /* Info.plist */ = {isa = PBXFileReference; lastKnownFileType = text.plist.xml; path = Info.plist; sourceTree = "<group>"; };
		D63CA04E29DF33FB00104331 /* Model.swift */ = {isa = PBXFileReference; lastKnownFileType = sourcecode.swift; path = Model.swift; sourceTree = "<group>"; };
		D63CA05129DF42F100104331 /* TableViewCell.swift */ = {isa = PBXFileReference; lastKnownFileType = sourcecode.swift; path = TableViewCell.swift; sourceTree = "<group>"; };
/* End PBXFileReference section */

/* Begin PBXFrameworksBuildPhase section */
		D63CA02A29DF29FE00104331 /* Frameworks */ = {
			isa = PBXFrameworksBuildPhase;
			buildActionMask = 2147483647;
			files = (
			);
			runOnlyForDeploymentPostprocessing = 0;
		};
/* End PBXFrameworksBuildPhase section */

/* Begin PBXGroup section */
		D63CA02429DF29FE00104331 = {
			isa = PBXGroup;
			children = (
				D63CA02F29DF29FE00104331 /* Settings */,
				D63CA02E29DF29FE00104331 /* Products */,
			);
			sourceTree = "<group>";
		};
		D63CA02E29DF29FE00104331 /* Products */ = {
			isa = PBXGroup;
			children = (
				D63CA02D29DF29FE00104331 /* Settings.app */,
			);
			name = Products;
			sourceTree = "<group>";
		};
		D63CA02F29DF29FE00104331 /* Settings */ = {
			isa = PBXGroup;
			children = (
				D63CA04829DF2C5000104331 /* Resources */,
				D63CA04729DF2C2F00104331 /* Sources */,
			);
			path = Settings;
			sourceTree = "<group>";
		};
		D63CA04729DF2C2F00104331 /* Sources */ = {
			isa = PBXGroup;
			children = (
				D63CA04A29DF2C8000104331 /* App */,
				D63CA03429DF29FE00104331 /* ViewController.swift */,
				D63CA04E29DF33FB00104331 /* Model.swift */,
				D63CA05129DF42F100104331 /* TableViewCell.swift */,
			);
			path = Sources;
			sourceTree = "<group>";
		};
		D63CA04829DF2C5000104331 /* Resources */ = {
			isa = PBXGroup;
			children = (
				D63CA03929DF29FF00104331 /* Assets.xcassets */,
				D63CA03B29DF29FF00104331 /* LaunchScreen.storyboard */,
				D63CA03E29DF29FF00104331 /* Info.plist */,
			);
			path = Resources;
			sourceTree = "<group>";
		};
		D63CA04A29DF2C8000104331 /* App */ = {
			isa = PBXGroup;
			children = (
				D63CA03029DF29FE00104331 /* AppDelegate.swift */,
				D63CA03229DF29FE00104331 /* SceneDelegate.swift */,
			);
			path = App;
			sourceTree = "<group>";
		};
/* End PBXGroup section */

/* Begin PBXNativeTarget section */
		D63CA02C29DF29FE00104331 /* Settings */ = {
			isa = PBXNativeTarget;
			buildConfigurationList = D63CA04129DF29FF00104331 /* Build configuration list for PBXNativeTarget "Settings" */;
			buildPhases = (
				D63CA02929DF29FE00104331 /* Sources */,
				D63CA02A29DF29FE00104331 /* Frameworks */,
				D63CA02B29DF29FE00104331 /* Resources */,
			);
			buildRules = (
			);
			dependencies = (
			);
			name = Settings;
			productName = Settings;
			productReference = D63CA02D29DF29FE00104331 /* Settings.app */;
			productType = "com.apple.product-type.application";
		};
/* End PBXNativeTarget section */

/* Begin PBXProject section */
		D63CA02529DF29FE00104331 /* Project object */ = {
			isa = PBXProject;
			attributes = {
				LastSwiftUpdateCheck = 1240;
				LastUpgradeCheck = 1240;
				TargetAttributes = {
					D63CA02C29DF29FE00104331 = {
						CreatedOnToolsVersion = 12.4;
					};
				};
			};
			buildConfigurationList = D63CA02829DF29FE00104331 /* Build configuration list for PBXProject "Settings" */;
			compatibilityVersion = "Xcode 9.3";
			developmentRegion = en;
			hasScannedForEncodings = 0;
			knownRegions = (
				en,
				Base,
			);
			mainGroup = D63CA02429DF29FE00104331;
			productRefGroup = D63CA02E29DF29FE00104331 /* Products */;
			projectDirPath = "";
			projectRoot = "";
			targets = (
				D63CA02C29DF29FE00104331 /* Settings */,
			);
		};
/* End PBXProject section */

/* Begin PBXResourcesBuildPhase section */
		D63CA02B29DF29FE00104331 /* Resources */ = {
			isa = PBXResourcesBuildPhase;
			buildActionMask = 2147483647;
			files = (
				D63CA03D29DF29FF00104331 /* LaunchScreen.storyboard in Resources */,
				D63CA03A29DF29FF00104331 /* Assets.xcassets in Resources */,
			);
			runOnlyForDeploymentPostprocessing = 0;
		};
/* End PBXResourcesBuildPhase section */

/* Begin PBXSourcesBuildPhase section */
		D63CA02929DF29FE00104331 /* Sources */ = {
			isa = PBXSourcesBuildPhase;
			buildActionMask = 2147483647;
			files = (
				D63CA05829E72D6700104331 /* ViewController.swift in Sources */,
				D63CA05229DF42F100104331 /* TableViewCell.swift in Sources */,
				D63CA03129DF29FE00104331 /* AppDelegate.swift in Sources */,
				D63CA03329DF29FE00104331 /* SceneDelegate.swift in Sources */,
				D63CA04F29DF33FB00104331 /* Model.swift in Sources */,
			);
			runOnlyForDeploymentPostprocessing = 0;
		};
/* End PBXSourcesBuildPhase section */

/* Begin PBXVariantGroup section */
		D63CA03B29DF29FF00104331 /* LaunchScreen.storyboard */ = {
			isa = PBXVariantGroup;
			children = (
				D63CA03C29DF29FF00104331 /* Base */,
			);
			name = LaunchScreen.storyboard;
			sourceTree = "<group>";
		};
/* End PBXVariantGroup section */

/* Begin XCBuildConfiguration section */
		D63CA03F29DF29FF00104331 /* Debug */ = {
			isa = XCBuildConfiguration;
			buildSettings = {
				ALWAYS_SEARCH_USER_PATHS = NO;
				CLANG_ANALYZER_NONNULL = YES;
				CLANG_ANALYZER_NUMBER_OBJECT_CONVERSION = YES_AGGRESSIVE;
				CLANG_CXX_LANGUAGE_STANDARD = "gnu++14";
				CLANG_CXX_LIBRARY = "libc++";
				CLANG_ENABLE_MODULES = YES;
				CLANG_ENABLE_OBJC_ARC = YES;
				CLANG_ENABLE_OBJC_WEAK = YES;
				CLANG_WARN_BLOCK_CAPTURE_AUTORELEASING = YES;
				CLANG_WARN_BOOL_CONVERSION = YES;
				CLANG_WARN_COMMA = YES;
				CLANG_WARN_CONSTANT_CONVERSION = YES;
				CLANG_WARN_DEPRECATED_OBJC_IMPLEMENTATIONS = YES;
				CLANG_WARN_DIRECT_OBJC_ISA_USAGE = YES_ERROR;
				CLANG_WARN_DOCUMENTATION_COMMENTS = YES;
				CLANG_WARN_EMPTY_BODY = YES;
				CLANG_WARN_ENUM_CONVERSION = YES;
				CLANG_WARN_INFINITE_RECURSION = YES;
				CLANG_WARN_INT_CONVERSION = YES;
				CLANG_WARN_NON_LITERAL_NULL_CONVERSION = YES;
				CLANG_WARN_OBJC_IMPLICIT_RETAIN_SELF = YES;
				CLANG_WARN_OBJC_LITERAL_CONVERSION = YES;
				CLANG_WARN_OBJC_ROOT_CLASS = YES_ERROR;
				CLANG_WARN_QUOTED_INCLUDE_IN_FRAMEWORK_HEADER = YES;
				CLANG_WARN_RANGE_LOOP_ANALYSIS = YES;
				CLANG_WARN_STRICT_PROTOTYPES = YES;
				CLANG_WARN_SUSPICIOUS_MOVE = YES;
				CLANG_WARN_UNGUARDED_AVAILABILITY = YES_AGGRESSIVE;
				CLANG_WARN_UNREACHABLE_CODE = YES;
				CLANG_WARN__DUPLICATE_METHOD_MATCH = YES;
				COPY_PHASE_STRIP = NO;
				DEBUG_INFORMATION_FORMAT = dwarf;
				ENABLE_STRICT_OBJC_MSGSEND = YES;
				ENABLE_TESTABILITY = YES;
				GCC_C_LANGUAGE_STANDARD = gnu11;
				GCC_DYNAMIC_NO_PIC = NO;
				GCC_NO_COMMON_BLOCKS = YES;
				GCC_OPTIMIZATION_LEVEL = 0;
				GCC_PREPROCESSOR_DEFINITIONS = (
					"DEBUG=1",
					"$(inherited)",
				);
				GCC_WARN_64_TO_32_BIT_CONVERSION = YES;
				GCC_WARN_ABOUT_RETURN_TYPE = YES_ERROR;
				GCC_WARN_UNDECLARED_SELECTOR = YES;
				GCC_WARN_UNINITIALIZED_AUTOS = YES_AGGRESSIVE;
				GCC_WARN_UNUSED_FUNCTION = YES;
				GCC_WARN_UNUSED_VARIABLE = YES;
				IPHONEOS_DEPLOYMENT_TARGET = 14.4;
				MTL_ENABLE_DEBUG_INFO = INCLUDE_SOURCE;
				MTL_FAST_MATH = YES;
				ONLY_ACTIVE_ARCH = YES;
				SDKROOT = iphoneos;
				SWIFT_ACTIVE_COMPILATION_CONDITIONS = DEBUG;
				SWIFT_OPTIMIZATION_LEVEL = "-Onone";
			};
			name = Debug;
		};
		D63CA04029DF29FF00104331 /* Release */ = {
			isa = XCBuildConfiguration;
			buildSettings = {
				ALWAYS_SEARCH_USER_PATHS = NO;
				CLANG_ANALYZER_NONNULL = YES;
				CLANG_ANALYZER_NUMBER_OBJECT_CONVERSION = YES_AGGRESSIVE;
				CLANG_CXX_LANGUAGE_STANDARD = "gnu++14";
				CLANG_CXX_LIBRARY = "libc++";
				CLANG_ENABLE_MODULES = YES;
				CLANG_ENABLE_OBJC_ARC = YES;
				CLANG_ENABLE_OBJC_WEAK = YES;
				CLANG_WARN_BLOCK_CAPTURE_AUTORELEASING = YES;
				CLANG_WARN_BOOL_CONVERSION = YES;
				CLANG_WARN_COMMA = YES;
				CLANG_WARN_CONSTANT_CONVERSION = YES;
				CLANG_WARN_DEPRECATED_OBJC_IMPLEMENTATIONS = YES;
				CLANG_WARN_DIRECT_OBJC_ISA_USAGE = YES_ERROR;
				CLANG_WARN_DOCUMENTATION_COMMENTS = YES;
				CLANG_WARN_EMPTY_BODY = YES;
				CLANG_WARN_ENUM_CONVERSION = YES;
				CLANG_WARN_INFINITE_RECURSION = YES;
				CLANG_WARN_INT_CONVERSION = YES;
				CLANG_WARN_NON_LITERAL_NULL_CONVERSION = YES;
				CLANG_WARN_OBJC_IMPLICIT_RETAIN_SELF = YES;
				CLANG_WARN_OBJC_LITERAL_CONVERSION = YES;
				CLANG_WARN_OBJC_ROOT_CLASS = YES_ERROR;
				CLANG_WARN_QUOTED_INCLUDE_IN_FRAMEWORK_HEADER = YES;
				CLANG_WARN_RANGE_LOOP_ANALYSIS = YES;
				CLANG_WARN_STRICT_PROTOTYPES = YES;
				CLANG_WARN_SUSPICIOUS_MOVE = YES;
				CLANG_WARN_UNGUARDED_AVAILABILITY = YES_AGGRESSIVE;
				CLANG_WARN_UNREACHABLE_CODE = YES;
				CLANG_WARN__DUPLICATE_METHOD_MATCH = YES;
				COPY_PHASE_STRIP = NO;
				DEBUG_INFORMATION_FORMAT = "dwarf-with-dsym";
				ENABLE_NS_ASSERTIONS = NO;
				ENABLE_STRICT_OBJC_MSGSEND = YES;
				GCC_C_LANGUAGE_STANDARD = gnu11;
				GCC_NO_COMMON_BLOCKS = YES;
				GCC_WARN_64_TO_32_BIT_CONVERSION = YES;
				GCC_WARN_ABOUT_RETURN_TYPE = YES_ERROR;
				GCC_WARN_UNDECLARED_SELECTOR = YES;
				GCC_WARN_UNINITIALIZED_AUTOS = YES_AGGRESSIVE;
				GCC_WARN_UNUSED_FUNCTION = YES;
				GCC_WARN_UNUSED_VARIABLE = YES;
				IPHONEOS_DEPLOYMENT_TARGET = 14.4;
				MTL_ENABLE_DEBUG_INFO = NO;
				MTL_FAST_MATH = YES;
				SDKROOT = iphoneos;
				SWIFT_COMPILATION_MODE = wholemodule;
				SWIFT_OPTIMIZATION_LEVEL = "-O";
				VALIDATE_PRODUCT = YES;
			};
			name = Release;
		};
		D63CA04229DF29FF00104331 /* Debug */ = {
			isa = XCBuildConfiguration;
			buildSettings = {
				ASSETCATALOG_COMPILER_APPICON_NAME = AppIcon;
				ASSETCATALOG_COMPILER_GLOBAL_ACCENT_COLOR_NAME = AccentColor;
				CODE_SIGN_STYLE = Automatic;
				DEVELOPMENT_TEAM = JWK54VXT96;
				INFOPLIST_FILE = Settings/Resources/Info.plist;
				IPHONEOS_DEPLOYMENT_TARGET = 14.4;
				LD_RUNPATH_SEARCH_PATHS = (
					"$(inherited)",
					"@executable_path/Frameworks",
				);
				PRODUCT_BUNDLE_IDENTIFIER = GunchenkoPS.Settings;
				PRODUCT_NAME = "$(TARGET_NAME)";
				SWIFT_VERSION = 5.0;
				TARGETED_DEVICE_FAMILY = "1,2";
			};
			name = Debug;
		};
		D63CA04329DF29FF00104331 /* Release */ = {
			isa = XCBuildConfiguration;
			buildSettings = {
				ASSETCATALOG_COMPILER_APPICON_NAME = AppIcon;
				ASSETCATALOG_COMPILER_GLOBAL_ACCENT_COLOR_NAME = AccentColor;
				CODE_SIGN_STYLE = Automatic;
				DEVELOPMENT_TEAM = JWK54VXT96;
				INFOPLIST_FILE = Settings/Resources/Info.plist;
				IPHONEOS_DEPLOYMENT_TARGET = 14.4;
				LD_RUNPATH_SEARCH_PATHS = (
					"$(inherited)",
					"@executable_path/Frameworks",
				);
				PRODUCT_BUNDLE_IDENTIFIER = GunchenkoPS.Settings;
				PRODUCT_NAME = "$(TARGET_NAME)";
				SWIFT_VERSION = 5.0;
				TARGETED_DEVICE_FAMILY = "1,2";
			};
			name = Release;
		};
/* End XCBuildConfiguration section */

/* Begin XCConfigurationList section */
		D63CA02829DF29FE00104331 /* Build configuration list for PBXProject "Settings" */ = {
			isa = XCConfigurationList;
			buildConfigurations = (
				D63CA03F29DF29FF00104331 /* Debug */,
				D63CA04029DF29FF00104331 /* Release */,
			);
			defaultConfigurationIsVisible = 0;
			defaultConfigurationName = Release;
		};
		D63CA04129DF29FF00104331 /* Build configuration list for PBXNativeTarget "Settings" */ = {
			isa = XCConfigurationList;
			buildConfigurations = (
				D63CA04229DF29FF00104331 /* Debug */,
				D63CA04329DF29FF00104331 /* Release */,
			);
			defaultConfigurationIsVisible = 0;
			defaultConfigurationName = Release;
		};
/* End XCConfigurationList section */
	};
	rootObject = D63CA02529DF29FE00104331 /* Project object */;
}
